{
  "object": {
    "pins": [
      {
        "package": "AppHereCore",
        "repositoryURL": "https://github.com/AppHereDevs/AppHereCore.git",
        "state": {
          "branch": null,
          "revision": "1f2467f20095f3f3cb46843fce77d29a6d601ea5",
          "version": "1.0.1"
        }
      }
    ]
  },
  "version": 1
}
