{
  "object": {
    "pins": [
      {
        "package": "AppHereCore",
        "repositoryURL": "https://github.com/AppHereDevs/AppHereCore.git",
        "state": {
          "branch": null,
          "revision": "a0171279e7c77baeddce175c215472f2d3aef856",
          "version": "1.0.3"
        }
      }
    ]
  },
  "version": 1
}
