{
  "object": {
    "pins": [
      {
        "package": "CoreModule",
        "repositoryURL": "https://github.com/ArdOnat/CoreModule.git",
        "state": {
          "branch": null,
          "revision": "8d3ec0a9cf9ea854f845dc253f13ed57ab09d894",
          "version": "1.2.0"
        }
      },
      {
        "package": "Validator",
        "repositoryURL": "https://github.com/adamwaite/Validator.git",
        "state": {
          "branch": "master",
          "revision": "8dacfee6a28b1b8ffe3aa082b0647328dde454d7",
          "version": null
        }
      }
    ]
  },
  "version": 1
}
